
Microsoft Visual Studio Solution File, Format Version 12.00
# Visual Studio 15
VisualStudioVersion = 15.0.28307.757
MinimumVisualStudioVersion = 10.0.40219.1
Project("{FAE04EC0-301F-11D3-BF4B-00C04F79EFBC}") = "AniRPG.Core.Domain", "AniRPG.Core.Domain\AniRPG.Core.Domain.csproj", "{1449646A-B106-4D5B-B5B0-48FF97167280}"
EndProject
Project("{FAE04EC0-301F-11D3-BF4B-00C04F79EFBC}") = "AniRPG.Core.Common", "AniRPG.Core.Common\AniRPG.Core.Common.csproj", "{3A266493-E7C7-4AFE-8F8B-70F73524F81B}"
EndProject
Global
	GlobalSection(SolutionConfigurationPlatforms) = preSolution
		Debug|Any CPU = Debug|Any CPU
		Release|Any CPU = Release|Any CPU
	EndGlobalSection
	GlobalSection(ProjectConfigurationPlatforms) = postSolution
		{1449646A-B106-4D5B-B5B0-48FF97167280}.Debug|Any CPU.ActiveCfg = Debug|Any CPU
		{1449646A-B106-4D5B-B5B0-48FF97167280}.Debug|Any CPU.Build.0 = Debug|Any CPU
		{1449646A-B106-4D5B-B5B0-48FF97167280}.Release|Any CPU.ActiveCfg = Release|Any CPU
		{1449646A-B106-4D5B-B5B0-48FF97167280}.Release|Any CPU.Build.0 = Release|Any CPU
		{3A266493-E7C7-4AFE-8F8B-70F73524F81B}.Debug|Any CPU.ActiveCfg = Debug|Any CPU
		{3A266493-E7C7-4AFE-8F8B-70F73524F81B}.Debug|Any CPU.Build.0 = Debug|Any CPU
		{3A266493-E7C7-4AFE-8F8B-70F73524F81B}.Release|Any CPU.ActiveCfg = Release|Any CPU
		{3A266493-E7C7-4AFE-8F8B-70F73524F81B}.Release|Any CPU.Build.0 = Release|Any CPU
	EndGlobalSection
	GlobalSection(SolutionProperties) = preSolution
		HideSolutionNode = FALSE
	EndGlobalSection
	GlobalSection(ExtensibilityGlobals) = postSolution
		SolutionGuid = {0033DCBC-EB6B-45EC-B981-E9AC6ACE3BBE}
	EndGlobalSection
EndGlobal
